// !$*UTF8*$!
{
	archiveVersion = 1;
	classes = {
	};
	objectVersion = 56;
	objects = {

/* Begin PBXBuildFile section */
		7B5D6B042C95B33E002095BE /* ThreadsApp.swift in Sources */ = {isa = PBXBuildFile; fileRef = 7B5D6B032C95B33E002095BE /* ThreadsApp.swift */; };
		7B5D6B062C95B33E002095BE /* ContentView.swift in Sources */ = {isa = PBXBuildFile; fileRef = 7B5D6B052C95B33E002095BE /* ContentView.swift */; };
		7B5D6B0B2C95B340002095BE /* Preview Assets.xcassets in Resources */ = {isa = PBXBuildFile; fileRef = 7B5D6B0A2C95B340002095BE /* Preview Assets.xcassets */; };
		7B5D6B1B2C95BC5D002095BE /* LoginView.swift in Sources */ = {isa = PBXBuildFile; fileRef = 7B5D6B1A2C95BC5D002095BE /* LoginView.swift */; };
		7B5D6B1D2C95BD1E002095BE /* Assets.xcassets in Resources */ = {isa = PBXBuildFile; fileRef = 7B5D6B1C2C95BD1E002095BE /* Assets.xcassets */; };
		7B5D6B1F2C95C106002095BE /* RegistrationView.swift in Sources */ = {isa = PBXBuildFile; fileRef = 7B5D6B1E2C95C106002095BE /* RegistrationView.swift */; };
		7B5D6B262C96D840002095BE /* ThreadsTextFieldModifier.swift in Sources */ = {isa = PBXBuildFile; fileRef = 7B5D6B252C96D840002095BE /* ThreadsTextFieldModifier.swift */; };
		7B5D6B292C96DB56002095BE /* ThreadsTabView.swift in Sources */ = {isa = PBXBuildFile; fileRef = 7B5D6B282C96DB56002095BE /* ThreadsTabView.swift */; };
		7B5D6B2D2C96DE2D002095BE /* FeedView.swift in Sources */ = {isa = PBXBuildFile; fileRef = 7B5D6B2C2C96DE2D002095BE /* FeedView.swift */; };
		7B5D6B312C96DE75002095BE /* ExploreView.swift in Sources */ = {isa = PBXBuildFile; fileRef = 7B5D6B302C96DE75002095BE /* ExploreView.swift */; };
		7B5D6B352C96DEA1002095BE /* CreateThreadView.swift in Sources */ = {isa = PBXBuildFile; fileRef = 7B5D6B342C96DEA1002095BE /* CreateThreadView.swift */; };
		7B5D6B392C96DECB002095BE /* ActivityView.swift in Sources */ = {isa = PBXBuildFile; fileRef = 7B5D6B382C96DECB002095BE /* ActivityView.swift */; };
		7B5D6B3D2C96DF12002095BE /* ProfileView.swift in Sources */ = {isa = PBXBuildFile; fileRef = 7B5D6B3C2C96DF12002095BE /* ProfileView.swift */; };
		7B5D6B3F2C96E103002095BE /* ThreadCell.swift in Sources */ = {isa = PBXBuildFile; fileRef = 7B5D6B3E2C96E103002095BE /* ThreadCell.swift */; };
		7B5D6B422C96F4C2002095BE /* CircularProfileImageView.swift in Sources */ = {isa = PBXBuildFile; fileRef = 7B5D6B412C96F4C2002095BE /* CircularProfileImageView.swift */; };
		7B5D6B442C96F573002095BE /* UserCell.swift in Sources */ = {isa = PBXBuildFile; fileRef = 7B5D6B432C96F573002095BE /* UserCell.swift */; };
		7B5D6B472C96F8E3002095BE /* ProfileThreadFilter.swift in Sources */ = {isa = PBXBuildFile; fileRef = 7B5D6B462C96F8E3002095BE /* ProfileThreadFilter.swift */; };
		7B5D6B4B2C970146002095BE /* EditProfileView.swift in Sources */ = {isa = PBXBuildFile; fileRef = 7B5D6B4A2C970146002095BE /* EditProfileView.swift */; };
		7B5D6B4D2C98527B002095BE /* GoogleService-Info.plist in Resources */ = {isa = PBXBuildFile; fileRef = 7B5D6B4C2C98527B002095BE /* GoogleService-Info.plist */; };
		7B5D6B502C985342002095BE /* FirebaseAuth in Frameworks */ = {isa = PBXBuildFile; productRef = 7B5D6B4F2C985342002095BE /* FirebaseAuth */; };
		7B5D6B522C985342002095BE /* FirebaseFirestore in Frameworks */ = {isa = PBXBuildFile; productRef = 7B5D6B512C985342002095BE /* FirebaseFirestore */; };
		7B5D6B542C985342002095BE /* FirebaseStorage in Frameworks */ = {isa = PBXBuildFile; productRef = 7B5D6B532C985342002095BE /* FirebaseStorage */; };
/* End PBXBuildFile section */

/* Begin PBXFileReference section */
		7B5D6B002C95B33E002095BE /* Threads.app */ = {isa = PBXFileReference; explicitFileType = wrapper.application; includeInIndex = 0; path = Threads.app; sourceTree = BUILT_PRODUCTS_DIR; };
		7B5D6B032C95B33E002095BE /* ThreadsApp.swift */ = {isa = PBXFileReference; lastKnownFileType = sourcecode.swift; path = ThreadsApp.swift; sourceTree = "<group>"; };
		7B5D6B052C95B33E002095BE /* ContentView.swift */ = {isa = PBXFileReference; lastKnownFileType = sourcecode.swift; path = ContentView.swift; sourceTree = "<group>"; };
		7B5D6B0A2C95B340002095BE /* Preview Assets.xcassets */ = {isa = PBXFileReference; lastKnownFileType = folder.assetcatalog; path = "Preview Assets.xcassets"; sourceTree = "<group>"; };
		7B5D6B1A2C95BC5D002095BE /* LoginView.swift */ = {isa = PBXFileReference; lastKnownFileType = sourcecode.swift; path = LoginView.swift; sourceTree = "<group>"; };
		7B5D6B1C2C95BD1E002095BE /* Assets.xcassets */ = {isa = PBXFileReference; lastKnownFileType = folder.assetcatalog; path = Assets.xcassets; sourceTree = "<group>"; };
		7B5D6B1E2C95C106002095BE /* RegistrationView.swift */ = {isa = PBXFileReference; lastKnownFileType = sourcecode.swift; path = RegistrationView.swift; sourceTree = "<group>"; };
		7B5D6B252C96D840002095BE /* ThreadsTextFieldModifier.swift */ = {isa = PBXFileReference; lastKnownFileType = sourcecode.swift; path = ThreadsTextFieldModifier.swift; sourceTree = "<group>"; };
		7B5D6B282C96DB56002095BE /* ThreadsTabView.swift */ = {isa = PBXFileReference; lastKnownFileType = sourcecode.swift; path = ThreadsTabView.swift; sourceTree = "<group>"; };
		7B5D6B2C2C96DE2D002095BE /* FeedView.swift */ = {isa = PBXFileReference; lastKnownFileType = sourcecode.swift; path = FeedView.swift; sourceTree = "<group>"; };
		7B5D6B302C96DE75002095BE /* ExploreView.swift */ = {isa = PBXFileReference; lastKnownFileType = sourcecode.swift; path = ExploreView.swift; sourceTree = "<group>"; };
		7B5D6B342C96DEA1002095BE /* CreateThreadView.swift */ = {isa = PBXFileReference; lastKnownFileType = sourcecode.swift; path = CreateThreadView.swift; sourceTree = "<group>"; };
		7B5D6B382C96DECB002095BE /* ActivityView.swift */ = {isa = PBXFileReference; lastKnownFileType = sourcecode.swift; path = ActivityView.swift; sourceTree = "<group>"; };
		7B5D6B3C2C96DF12002095BE /* ProfileView.swift */ = {isa = PBXFileReference; lastKnownFileType = sourcecode.swift; path = ProfileView.swift; sourceTree = "<group>"; };
		7B5D6B3E2C96E103002095BE /* ThreadCell.swift */ = {isa = PBXFileReference; lastKnownFileType = sourcecode.swift; path = ThreadCell.swift; sourceTree = "<group>"; };
		7B5D6B412C96F4C2002095BE /* CircularProfileImageView.swift */ = {isa = PBXFileReference; lastKnownFileType = sourcecode.swift; path = CircularProfileImageView.swift; sourceTree = "<group>"; };
		7B5D6B432C96F573002095BE /* UserCell.swift */ = {isa = PBXFileReference; lastKnownFileType = sourcecode.swift; path = UserCell.swift; sourceTree = "<group>"; };
		7B5D6B462C96F8E3002095BE /* ProfileThreadFilter.swift */ = {isa = PBXFileReference; lastKnownFileType = sourcecode.swift; path = ProfileThreadFilter.swift; sourceTree = "<group>"; };
		7B5D6B4A2C970146002095BE /* EditProfileView.swift */ = {isa = PBXFileReference; lastKnownFileType = sourcecode.swift; path = EditProfileView.swift; sourceTree = "<group>"; };
		7B5D6B4C2C98527B002095BE /* GoogleService-Info.plist */ = {isa = PBXFileReference; fileEncoding = 4; lastKnownFileType = text.plist.xml; path = "GoogleService-Info.plist"; sourceTree = "<group>"; };
/* End PBXFileReference section */

/* Begin PBXFrameworksBuildPhase section */
		7B5D6AFD2C95B33E002095BE /* Frameworks */ = {
			isa = PBXFrameworksBuildPhase;
			buildActionMask = 2147483647;
			files = (
				7B5D6B502C985342002095BE /* FirebaseAuth in Frameworks */,
				7B5D6B522C985342002095BE /* FirebaseFirestore in Frameworks */,
				7B5D6B542C985342002095BE /* FirebaseStorage in Frameworks */,
			);
			runOnlyForDeploymentPostprocessing = 0;
		};
/* End PBXFrameworksBuildPhase section */

/* Begin PBXGroup section */
		7B5D6AF72C95B33E002095BE = {
			isa = PBXGroup;
			children = (
				7B5D6B022C95B33E002095BE /* Threads */,
				7B5D6B012C95B33E002095BE /* Products */,
			);
			sourceTree = "<group>";
		};
		7B5D6B012C95B33E002095BE /* Products */ = {
			isa = PBXGroup;
			children = (
				7B5D6B002C95B33E002095BE /* Threads.app */,
			);
			name = Products;
			sourceTree = "<group>";
		};
		7B5D6B022C95B33E002095BE /* Threads */ = {
			isa = PBXGroup;
			children = (
				7B5D6B4C2C98527B002095BE /* GoogleService-Info.plist */,
				7B5D6B162C95BC08002095BE /* App */,
				7B5D6B152C95BC07002095BE /* Core */,
				7B5D6B142C95BC06002095BE /* Extensions */,
				7B5D6B132C95BC05002095BE /* Model */,
				7B5D6B122C95BC03002095BE /* Services */,
				7B5D6B112C95BC01002095BE /* Utils */,
				7B5D6B1C2C95BD1E002095BE /* Assets.xcassets */,
				7B5D6B092C95B340002095BE /* Preview Content */,
			);
			path = Threads;
			sourceTree = "<group>";
		};
		7B5D6B092C95B340002095BE /* Preview Content */ = {
			isa = PBXGroup;
			children = (
				7B5D6B0A2C95B340002095BE /* Preview Assets.xcassets */,
			);
			path = "Preview Content";
			sourceTree = "<group>";
		};
		7B5D6B112C95BC01002095BE /* Utils */ = {
			isa = PBXGroup;
			children = (
				7B5D6B222C96D7F3002095BE /* ViewModifiers */,
			);
			path = Utils;
			sourceTree = "<group>";
		};
		7B5D6B122C95BC03002095BE /* Services */ = {
			isa = PBXGroup;
			children = (
			);
			path = Services;
			sourceTree = "<group>";
		};
		7B5D6B132C95BC05002095BE /* Model */ = {
			isa = PBXGroup;
			children = (
			);
			path = Model;
			sourceTree = "<group>";
		};
		7B5D6B142C95BC06002095BE /* Extensions */ = {
			isa = PBXGroup;
			children = (
			);
			path = Extensions;
			sourceTree = "<group>";
		};
		7B5D6B152C95BC07002095BE /* Core */ = {
			isa = PBXGroup;
			children = (
				7B5D6B402C96F4B1002095BE /* Components */,
				7B5D6B362C96DEB8002095BE /* Activity */,
				7B5D6B172C95BC2E002095BE /* Authentication */,
				7B5D6B2E2C96DE62002095BE /* Explore */,
				7B5D6B2A2C96DE1A002095BE /* Feed */,
				7B5D6B3A2C96DEE5002095BE /* Profile */,
				7B5D6B182C95BC40002095BE /* Root */,
				7B5D6B272C96DB05002095BE /* TabBar */,
				7B5D6B322C96DE84002095BE /* ThreadCreation */,
			);
			path = Core;
			sourceTree = "<group>";
		};
		7B5D6B162C95BC08002095BE /* App */ = {
			isa = PBXGroup;
			children = (
				7B5D6B032C95B33E002095BE /* ThreadsApp.swift */,
			);
			path = App;
			sourceTree = "<group>";
		};
		7B5D6B172C95BC2E002095BE /* Authentication */ = {
			isa = PBXGroup;
			children = (
				7B5D6B192C95BC4F002095BE /* Views */,
			);
			path = Authentication;
			sourceTree = "<group>";
		};
		7B5D6B182C95BC40002095BE /* Root */ = {
			isa = PBXGroup;
			children = (
				7B5D6B052C95B33E002095BE /* ContentView.swift */,
			);
			path = Root;
			sourceTree = "<group>";
		};
		7B5D6B192C95BC4F002095BE /* Views */ = {
			isa = PBXGroup;
			children = (
				7B5D6B1A2C95BC5D002095BE /* LoginView.swift */,
				7B5D6B1E2C95C106002095BE /* RegistrationView.swift */,
			);
			path = Views;
			sourceTree = "<group>";
		};
		7B5D6B222C96D7F3002095BE /* ViewModifiers */ = {
			isa = PBXGroup;
			children = (
				7B5D6B252C96D840002095BE /* ThreadsTextFieldModifier.swift */,
			);
			path = ViewModifiers;
			sourceTree = "<group>";
		};
		7B5D6B272C96DB05002095BE /* TabBar */ = {
			isa = PBXGroup;
			children = (
				7B5D6B282C96DB56002095BE /* ThreadsTabView.swift */,
			);
			path = TabBar;
			sourceTree = "<group>";
		};
		7B5D6B2A2C96DE1A002095BE /* Feed */ = {
			isa = PBXGroup;
			children = (
				7B5D6B2B2C96DE1E002095BE /* View */,
			);
			path = Feed;
			sourceTree = "<group>";
		};
		7B5D6B2B2C96DE1E002095BE /* View */ = {
			isa = PBXGroup;
			children = (
				7B5D6B2C2C96DE2D002095BE /* FeedView.swift */,
				7B5D6B3E2C96E103002095BE /* ThreadCell.swift */,
			);
			path = View;
			sourceTree = "<group>";
		};
		7B5D6B2E2C96DE62002095BE /* Explore */ = {
			isa = PBXGroup;
			children = (
				7B5D6B2F2C96DE6B002095BE /* View */,
			);
			path = Explore;
			sourceTree = "<group>";
		};
		7B5D6B2F2C96DE6B002095BE /* View */ = {
			isa = PBXGroup;
			children = (
				7B5D6B302C96DE75002095BE /* ExploreView.swift */,
			);
			path = View;
			sourceTree = "<group>";
		};
		7B5D6B322C96DE84002095BE /* ThreadCreation */ = {
			isa = PBXGroup;
			children = (
				7B5D6B332C96DE93002095BE /* View */,
			);
			path = ThreadCreation;
			sourceTree = "<group>";
		};
		7B5D6B332C96DE93002095BE /* View */ = {
			isa = PBXGroup;
			children = (
				7B5D6B342C96DEA1002095BE /* CreateThreadView.swift */,
			);
			path = View;
			sourceTree = "<group>";
		};
		7B5D6B362C96DEB8002095BE /* Activity */ = {
			isa = PBXGroup;
			children = (
				7B5D6B372C96DEC0002095BE /* View */,
			);
			path = Activity;
			sourceTree = "<group>";
		};
		7B5D6B372C96DEC0002095BE /* View */ = {
			isa = PBXGroup;
			children = (
				7B5D6B382C96DECB002095BE /* ActivityView.swift */,
			);
			path = View;
			sourceTree = "<group>";
		};
		7B5D6B3A2C96DEE5002095BE /* Profile */ = {
			isa = PBXGroup;
			children = (
				7B5D6B482C970130002095BE /* EditProfile */,
				7B5D6B452C96F8D7002095BE /* Model */,
				7B5D6B3B2C96DEE9002095BE /* ProfileView */,
			);
			path = Profile;
			sourceTree = "<group>";
		};
		7B5D6B3B2C96DEE9002095BE /* ProfileView */ = {
			isa = PBXGroup;
			children = (
				7B5D6B3C2C96DF12002095BE /* ProfileView.swift */,
			);
			path = ProfileView;
			sourceTree = "<group>";
		};
		7B5D6B402C96F4B1002095BE /* Components */ = {
			isa = PBXGroup;
			children = (
				7B5D6B412C96F4C2002095BE /* CircularProfileImageView.swift */,
				7B5D6B432C96F573002095BE /* UserCell.swift */,
			);
			path = Components;
			sourceTree = "<group>";
		};
		7B5D6B452C96F8D7002095BE /* Model */ = {
			isa = PBXGroup;
			children = (
				7B5D6B462C96F8E3002095BE /* ProfileThreadFilter.swift */,
			);
			path = Model;
			sourceTree = "<group>";
		};
		7B5D6B482C970130002095BE /* EditProfile */ = {
			isa = PBXGroup;
			children = (
				7B5D6B492C97013B002095BE /* View */,
			);
			path = EditProfile;
			sourceTree = "<group>";
		};
		7B5D6B492C97013B002095BE /* View */ = {
			isa = PBXGroup;
			children = (
				7B5D6B4A2C970146002095BE /* EditProfileView.swift */,
			);
			path = View;
			sourceTree = "<group>";
		};
/* End PBXGroup section */

/* Begin PBXNativeTarget section */
		7B5D6AFF2C95B33E002095BE /* Threads */ = {
			isa = PBXNativeTarget;
			buildConfigurationList = 7B5D6B0E2C95B340002095BE /* Build configuration list for PBXNativeTarget "Threads" */;
			buildPhases = (
				7B5D6AFC2C95B33E002095BE /* Sources */,
				7B5D6AFD2C95B33E002095BE /* Frameworks */,
				7B5D6AFE2C95B33E002095BE /* Resources */,
			);
			buildRules = (
			);
			dependencies = (
			);
			name = Threads;
			packageProductDependencies = (
				7B5D6B4F2C985342002095BE /* FirebaseAuth */,
				7B5D6B512C985342002095BE /* FirebaseFirestore */,
				7B5D6B532C985342002095BE /* FirebaseStorage */,
			);
			productName = Threads;
			productReference = 7B5D6B002C95B33E002095BE /* Threads.app */;
			productType = "com.apple.product-type.application";
		};
/* End PBXNativeTarget section */

/* Begin PBXProject section */
		7B5D6AF82C95B33E002095BE /* Project object */ = {
			isa = PBXProject;
			attributes = {
				BuildIndependentTargetsInParallel = 1;
				LastSwiftUpdateCheck = 1540;
				LastUpgradeCheck = 1540;
				TargetAttributes = {
					7B5D6AFF2C95B33E002095BE = {
						CreatedOnToolsVersion = 15.4;
					};
				};
			};
			buildConfigurationList = 7B5D6AFB2C95B33E002095BE /* Build configuration list for PBXProject "Threads" */;
			compatibilityVersion = "Xcode 14.0";
			developmentRegion = en;
			hasScannedForEncodings = 0;
			knownRegions = (
				en,
				Base,
			);
			mainGroup = 7B5D6AF72C95B33E002095BE;
			packageReferences = (
				7B5D6B4E2C985342002095BE /* XCRemoteSwiftPackageReference "firebase-ios-sdk" */,
			);
			productRefGroup = 7B5D6B012C95B33E002095BE /* Products */;
			projectDirPath = "";
			projectRoot = "";
			targets = (
				7B5D6AFF2C95B33E002095BE /* Threads */,
			);
		};
/* End PBXProject section */

/* Begin PBXResourcesBuildPhase section */
		7B5D6AFE2C95B33E002095BE /* Resources */ = {
			isa = PBXResourcesBuildPhase;
			buildActionMask = 2147483647;
			files = (
				7B5D6B1D2C95BD1E002095BE /* Assets.xcassets in Resources */,
				7B5D6B0B2C95B340002095BE /* Preview Assets.xcassets in Resources */,
				7B5D6B4D2C98527B002095BE /* GoogleService-Info.plist in Resources */,
			);
			runOnlyForDeploymentPostprocessing = 0;
		};
/* End PBXResourcesBuildPhase section */

/* Begin PBXSourcesBuildPhase section */
		7B5D6AFC2C95B33E002095BE /* Sources */ = {
			isa = PBXSourcesBuildPhase;
			buildActionMask = 2147483647;
			files = (
				7B5D6B2D2C96DE2D002095BE /* FeedView.swift in Sources */,
				7B5D6B1B2C95BC5D002095BE /* LoginView.swift in Sources */,
				7B5D6B4B2C970146002095BE /* EditProfileView.swift in Sources */,
				7B5D6B062C95B33E002095BE /* ContentView.swift in Sources */,
				7B5D6B3F2C96E103002095BE /* ThreadCell.swift in Sources */,
				7B5D6B392C96DECB002095BE /* ActivityView.swift in Sources */,
				7B5D6B422C96F4C2002095BE /* CircularProfileImageView.swift in Sources */,
				7B5D6B442C96F573002095BE /* UserCell.swift in Sources */,
				7B5D6B352C96DEA1002095BE /* CreateThreadView.swift in Sources */,
				7B5D6B472C96F8E3002095BE /* ProfileThreadFilter.swift in Sources */,
				7B5D6B292C96DB56002095BE /* ThreadsTabView.swift in Sources */,
				7B5D6B262C96D840002095BE /* ThreadsTextFieldModifier.swift in Sources */,
				7B5D6B042C95B33E002095BE /* ThreadsApp.swift in Sources */,
				7B5D6B312C96DE75002095BE /* ExploreView.swift in Sources */,
				7B5D6B3D2C96DF12002095BE /* ProfileView.swift in Sources */,
				7B5D6B1F2C95C106002095BE /* RegistrationView.swift in Sources */,
			);
			runOnlyForDeploymentPostprocessing = 0;
		};
/* End PBXSourcesBuildPhase section */

/* Begin XCBuildConfiguration section */
		7B5D6B0C2C95B340002095BE /* Debug */ = {
			isa = XCBuildConfiguration;
			buildSettings = {
				ALWAYS_SEARCH_USER_PATHS = NO;
				ASSETCATALOG_COMPILER_GENERATE_SWIFT_ASSET_SYMBOL_EXTENSIONS = YES;
				CLANG_ANALYZER_NONNULL = YES;
				CLANG_ANALYZER_NUMBER_OBJECT_CONVERSION = YES_AGGRESSIVE;
				CLANG_CXX_LANGUAGE_STANDARD = "gnu++20";
				CLANG_ENABLE_MODULES = YES;
				CLANG_ENABLE_OBJC_ARC = YES;
				CLANG_ENABLE_OBJC_WEAK = YES;
				CLANG_WARN_BLOCK_CAPTURE_AUTORELEASING = YES;
				CLANG_WARN_BOOL_CONVERSION = YES;
				CLANG_WARN_COMMA = YES;
				CLANG_WARN_CONSTANT_CONVERSION = YES;
				CLANG_WARN_DEPRECATED_OBJC_IMPLEMENTATIONS = YES;
				CLANG_WARN_DIRECT_OBJC_ISA_USAGE = YES_ERROR;
				CLANG_WARN_DOCUMENTATION_COMMENTS = YES;
				CLANG_WARN_EMPTY_BODY = YES;
				CLANG_WARN_ENUM_CONVERSION = YES;
				CLANG_WARN_INFINITE_RECURSION = YES;
				CLANG_WARN_INT_CONVERSION = YES;
				CLANG_WARN_NON_LITERAL_NULL_CONVERSION = YES;
				CLANG_WARN_OBJC_IMPLICIT_RETAIN_SELF = YES;
				CLANG_WARN_OBJC_LITERAL_CONVERSION = YES;
				CLANG_WARN_OBJC_ROOT_CLASS = YES_ERROR;
				CLANG_WARN_QUOTED_INCLUDE_IN_FRAMEWORK_HEADER = YES;
				CLANG_WARN_RANGE_LOOP_ANALYSIS = YES;
				CLANG_WARN_STRICT_PROTOTYPES = YES;
				CLANG_WARN_SUSPICIOUS_MOVE = YES;
				CLANG_WARN_UNGUARDED_AVAILABILITY = YES_AGGRESSIVE;
				CLANG_WARN_UNREACHABLE_CODE = YES;
				CLANG_WARN__DUPLICATE_METHOD_MATCH = YES;
				COPY_PHASE_STRIP = NO;
				DEBUG_INFORMATION_FORMAT = dwarf;
				ENABLE_STRICT_OBJC_MSGSEND = YES;
				ENABLE_TESTABILITY = YES;
				ENABLE_USER_SCRIPT_SANDBOXING = YES;
				GCC_C_LANGUAGE_STANDARD = gnu17;
				GCC_DYNAMIC_NO_PIC = NO;
				GCC_NO_COMMON_BLOCKS = YES;
				GCC_OPTIMIZATION_LEVEL = 0;
				GCC_PREPROCESSOR_DEFINITIONS = (
					"DEBUG=1",
					"$(inherited)",
				);
				GCC_WARN_64_TO_32_BIT_CONVERSION = YES;
				GCC_WARN_ABOUT_RETURN_TYPE = YES_ERROR;
				GCC_WARN_UNDECLARED_SELECTOR = YES;
				GCC_WARN_UNINITIALIZED_AUTOS = YES_AGGRESSIVE;
				GCC_WARN_UNUSED_FUNCTION = YES;
				GCC_WARN_UNUSED_VARIABLE = YES;
				IPHONEOS_DEPLOYMENT_TARGET = 17.5;
				LOCALIZATION_PREFERS_STRING_CATALOGS = YES;
				MTL_ENABLE_DEBUG_INFO = INCLUDE_SOURCE;
				MTL_FAST_MATH = YES;
				ONLY_ACTIVE_ARCH = YES;
				SDKROOT = iphoneos;
				SWIFT_ACTIVE_COMPILATION_CONDITIONS = "DEBUG $(inherited)";
				SWIFT_OPTIMIZATION_LEVEL = "-Onone";
			};
			name = Debug;
		};
		7B5D6B0D2C95B340002095BE /* Release */ = {
			isa = XCBuildConfiguration;
			buildSettings = {
				ALWAYS_SEARCH_USER_PATHS = NO;
				ASSETCATALOG_COMPILER_GENERATE_SWIFT_ASSET_SYMBOL_EXTENSIONS = YES;
				CLANG_ANALYZER_NONNULL = YES;
				CLANG_ANALYZER_NUMBER_OBJECT_CONVERSION = YES_AGGRESSIVE;
				CLANG_CXX_LANGUAGE_STANDARD = "gnu++20";
				CLANG_ENABLE_MODULES = YES;
				CLANG_ENABLE_OBJC_ARC = YES;
				CLANG_ENABLE_OBJC_WEAK = YES;
				CLANG_WARN_BLOCK_CAPTURE_AUTORELEASING = YES;
				CLANG_WARN_BOOL_CONVERSION = YES;
				CLANG_WARN_COMMA = YES;
				CLANG_WARN_CONSTANT_CONVERSION = YES;
				CLANG_WARN_DEPRECATED_OBJC_IMPLEMENTATIONS = YES;
				CLANG_WARN_DIRECT_OBJC_ISA_USAGE = YES_ERROR;
				CLANG_WARN_DOCUMENTATION_COMMENTS = YES;
				CLANG_WARN_EMPTY_BODY = YES;
				CLANG_WARN_ENUM_CONVERSION = YES;
				CLANG_WARN_INFINITE_RECURSION = YES;
				CLANG_WARN_INT_CONVERSION = YES;
				CLANG_WARN_NON_LITERAL_NULL_CONVERSION = YES;
				CLANG_WARN_OBJC_IMPLICIT_RETAIN_SELF = YES;
				CLANG_WARN_OBJC_LITERAL_CONVERSION = YES;
				CLANG_WARN_OBJC_ROOT_CLASS = YES_ERROR;
				CLANG_WARN_QUOTED_INCLUDE_IN_FRAMEWORK_HEADER = YES;
				CLANG_WARN_RANGE_LOOP_ANALYSIS = YES;
				CLANG_WARN_STRICT_PROTOTYPES = YES;
				CLANG_WARN_SUSPICIOUS_MOVE = YES;
				CLANG_WARN_UNGUARDED_AVAILABILITY = YES_AGGRESSIVE;
				CLANG_WARN_UNREACHABLE_CODE = YES;
				CLANG_WARN__DUPLICATE_METHOD_MATCH = YES;
				COPY_PHASE_STRIP = NO;
				DEBUG_INFORMATION_FORMAT = "dwarf-with-dsym";
				ENABLE_NS_ASSERTIONS = NO;
				ENABLE_STRICT_OBJC_MSGSEND = YES;
				ENABLE_USER_SCRIPT_SANDBOXING = YES;
				GCC_C_LANGUAGE_STANDARD = gnu17;
				GCC_NO_COMMON_BLOCKS = YES;
				GCC_WARN_64_TO_32_BIT_CONVERSION = YES;
				GCC_WARN_ABOUT_RETURN_TYPE = YES_ERROR;
				GCC_WARN_UNDECLARED_SELECTOR = YES;
				GCC_WARN_UNINITIALIZED_AUTOS = YES_AGGRESSIVE;
				GCC_WARN_UNUSED_FUNCTION = YES;
				GCC_WARN_UNUSED_VARIABLE = YES;
				IPHONEOS_DEPLOYMENT_TARGET = 17.5;
				LOCALIZATION_PREFERS_STRING_CATALOGS = YES;
				MTL_ENABLE_DEBUG_INFO = NO;
				MTL_FAST_MATH = YES;
				SDKROOT = iphoneos;
				SWIFT_COMPILATION_MODE = wholemodule;
				VALIDATE_PRODUCT = YES;
			};
			name = Release;
		};
		7B5D6B0F2C95B340002095BE /* Debug */ = {
			isa = XCBuildConfiguration;
			buildSettings = {
				ASSETCATALOG_COMPILER_APPICON_NAME = AppIcon;
				ASSETCATALOG_COMPILER_GLOBAL_ACCENT_COLOR_NAME = AccentColor;
				CODE_SIGN_STYLE = Automatic;
				CURRENT_PROJECT_VERSION = 1;
				DEVELOPMENT_ASSET_PATHS = "\"Threads/Preview Content\"";
				DEVELOPMENT_TEAM = SDD6GS4SZP;
				ENABLE_PREVIEWS = YES;
				GENERATE_INFOPLIST_FILE = YES;
				INFOPLIST_KEY_UIApplicationSceneManifest_Generation = YES;
				INFOPLIST_KEY_UIApplicationSupportsIndirectInputEvents = YES;
				INFOPLIST_KEY_UILaunchScreen_Generation = YES;
				INFOPLIST_KEY_UISupportedInterfaceOrientations_iPad = "UIInterfaceOrientationPortrait UIInterfaceOrientationPortraitUpsideDown UIInterfaceOrientationLandscapeLeft UIInterfaceOrientationLandscapeRight";
				INFOPLIST_KEY_UISupportedInterfaceOrientations_iPhone = "UIInterfaceOrientationPortrait UIInterfaceOrientationLandscapeLeft UIInterfaceOrientationLandscapeRight";
				LD_RUNPATH_SEARCH_PATHS = (
					"$(inherited)",
					"@executable_path/Frameworks",
				);
				MARKETING_VERSION = 1.0;
				PRODUCT_BUNDLE_IDENTIFIER = com.evgenimityulya.threads;
				PRODUCT_NAME = "$(TARGET_NAME)";
				SWIFT_EMIT_LOC_STRINGS = YES;
				SWIFT_VERSION = 5.0;
				TARGETED_DEVICE_FAMILY = "1,2";
			};
			name = Debug;
		};
		7B5D6B102C95B340002095BE /* Release */ = {
			isa = XCBuildConfiguration;
			buildSettings = {
				ASSETCATALOG_COMPILER_APPICON_NAME = AppIcon;
				ASSETCATALOG_COMPILER_GLOBAL_ACCENT_COLOR_NAME = AccentColor;
				CODE_SIGN_STYLE = Automatic;
				CURRENT_PROJECT_VERSION = 1;
				DEVELOPMENT_ASSET_PATHS = "\"Threads/Preview Content\"";
				DEVELOPMENT_TEAM = SDD6GS4SZP;
				ENABLE_PREVIEWS = YES;
				GENERATE_INFOPLIST_FILE = YES;
				INFOPLIST_KEY_UIApplicationSceneManifest_Generation = YES;
				INFOPLIST_KEY_UIApplicationSupportsIndirectInputEvents = YES;
				INFOPLIST_KEY_UILaunchScreen_Generation = YES;
				INFOPLIST_KEY_UISupportedInterfaceOrientations_iPad = "UIInterfaceOrientationPortrait UIInterfaceOrientationPortraitUpsideDown UIInterfaceOrientationLandscapeLeft UIInterfaceOrientationLandscapeRight";
				INFOPLIST_KEY_UISupportedInterfaceOrientations_iPhone = "UIInterfaceOrientationPortrait UIInterfaceOrientationLandscapeLeft UIInterfaceOrientationLandscapeRight";
				LD_RUNPATH_SEARCH_PATHS = (
					"$(inherited)",
					"@executable_path/Frameworks",
				);
				MARKETING_VERSION = 1.0;
				PRODUCT_BUNDLE_IDENTIFIER = com.evgenimityulya.threads;
				PRODUCT_NAME = "$(TARGET_NAME)";
				SWIFT_EMIT_LOC_STRINGS = YES;
				SWIFT_VERSION = 5.0;
				TARGETED_DEVICE_FAMILY = "1,2";
			};
			name = Release;
		};
/* End XCBuildConfiguration section */

/* Begin XCConfigurationList section */
		7B5D6AFB2C95B33E002095BE /* Build configuration list for PBXProject "Threads" */ = {
			isa = XCConfigurationList;
			buildConfigurations = (
				7B5D6B0C2C95B340002095BE /* Debug */,
				7B5D6B0D2C95B340002095BE /* Release */,
			);
			defaultConfigurationIsVisible = 0;
			defaultConfigurationName = Release;
		};
		7B5D6B0E2C95B340002095BE /* Build configuration list for PBXNativeTarget "Threads" */ = {
			isa = XCConfigurationList;
			buildConfigurations = (
				7B5D6B0F2C95B340002095BE /* Debug */,
				7B5D6B102C95B340002095BE /* Release */,
			);
			defaultConfigurationIsVisible = 0;
			defaultConfigurationName = Release;
		};
/* End XCConfigurationList section */

/* Begin XCRemoteSwiftPackageReference section */
		7B5D6B4E2C985342002095BE /* XCRemoteSwiftPackageReference "firebase-ios-sdk" */ = {
			isa = XCRemoteSwiftPackageReference;
			repositoryURL = "https://github.com/firebase/firebase-ios-sdk.git";
			requirement = {
				kind = upToNextMajorVersion;
				minimumVersion = 11.2.0;
			};
		};
/* End XCRemoteSwiftPackageReference section */

/* Begin XCSwiftPackageProductDependency section */
		7B5D6B4F2C985342002095BE /* FirebaseAuth */ = {
			isa = XCSwiftPackageProductDependency;
			package = 7B5D6B4E2C985342002095BE /* XCRemoteSwiftPackageReference "firebase-ios-sdk" */;
			productName = FirebaseAuth;
		};
		7B5D6B512C985342002095BE /* FirebaseFirestore */ = {
			isa = XCSwiftPackageProductDependency;
			package = 7B5D6B4E2C985342002095BE /* XCRemoteSwiftPackageReference "firebase-ios-sdk" */;
			productName = FirebaseFirestore;
		};
		7B5D6B532C985342002095BE /* FirebaseStorage */ = {
			isa = XCSwiftPackageProductDependency;
			package = 7B5D6B4E2C985342002095BE /* XCRemoteSwiftPackageReference "firebase-ios-sdk" */;
			productName = FirebaseStorage;
		};
/* End XCSwiftPackageProductDependency section */
	};
	rootObject = 7B5D6AF82C95B33E002095BE /* Project object */;
}
